// !$*UTF8*$!
{
	archiveVersion = 1;
	classes = {
	};
	objectVersion = 56;
	objects = {

/* Begin PBXBuildFile section */
		653665C22BAD27DE004706F9 /* main.swift in Sources */ = {isa = PBXBuildFile; fileRef = 653665C12BAD27DE004706F9 /* main.swift */; };
		653665CF2BBBC6EF004706F9 /* enemy.swift in Sources */ = {isa = PBXBuildFile; fileRef = 653665CE2BBBC6EF004706F9 /* enemy.swift */; };
		653665D12BBBC701004706F9 /* player.swift in Sources */ = {isa = PBXBuildFile; fileRef = 653665D02BBBC701004706F9 /* player.swift */; };
		653665D32BBBCA0B004706F9 /* skills.swift in Sources */ = {isa = PBXBuildFile; fileRef = 653665D22BBBCA0B004706F9 /* skills.swift */; };
		653665D72BBC4078004706F9 /* battle.swift in Sources */ = {isa = PBXBuildFile; fileRef = 653665D62BBC4078004706F9 /* battle.swift */; };
		653665DB2BBC43BC004706F9 /* backpack.swift in Sources */ = {isa = PBXBuildFile; fileRef = 653665DA2BBC43BC004706F9 /* backpack.swift */; };
		65DF38A02BBE694D006448F9 /* shop.swift in Sources */ = {isa = PBXBuildFile; fileRef = 65DF389F2BBE694D006448F9 /* shop.swift */; };
/* End PBXBuildFile section */

/* Begin PBXCopyFilesBuildPhase section */
		653665BC2BAD27DE004706F9 /* CopyFiles */ = {
			isa = PBXCopyFilesBuildPhase;
			buildActionMask = 2147483647;
			dstPath = /usr/share/man/man1/;
			dstSubfolderSpec = 0;
			files = (
			);
			runOnlyForDeploymentPostprocessing = 1;
		};
/* End PBXCopyFilesBuildPhase section */

/* Begin PBXFileReference section */
		653665BE2BAD27DE004706F9 /* MAD-AFL2 */ = {isa = PBXFileReference; explicitFileType = "compiled.mach-o.executable"; includeInIndex = 0; path = "MAD-AFL2"; sourceTree = BUILT_PRODUCTS_DIR; };
		653665C12BAD27DE004706F9 /* main.swift */ = {isa = PBXFileReference; lastKnownFileType = sourcecode.swift; path = main.swift; sourceTree = "<group>"; };
		653665CE2BBBC6EF004706F9 /* enemy.swift */ = {isa = PBXFileReference; lastKnownFileType = sourcecode.swift; path = enemy.swift; sourceTree = "<group>"; };
		653665D02BBBC701004706F9 /* player.swift */ = {isa = PBXFileReference; lastKnownFileType = sourcecode.swift; path = player.swift; sourceTree = "<group>"; };
		653665D22BBBCA0B004706F9 /* skills.swift */ = {isa = PBXFileReference; lastKnownFileType = sourcecode.swift; path = skills.swift; sourceTree = "<group>"; };
		653665D62BBC4078004706F9 /* battle.swift */ = {isa = PBXFileReference; lastKnownFileType = sourcecode.swift; path = battle.swift; sourceTree = "<group>"; };
		653665DA2BBC43BC004706F9 /* backpack.swift */ = {isa = PBXFileReference; lastKnownFileType = sourcecode.swift; path = backpack.swift; sourceTree = "<group>"; };
		65DF389F2BBE694D006448F9 /* shop.swift */ = {isa = PBXFileReference; lastKnownFileType = sourcecode.swift; path = shop.swift; sourceTree = "<group>"; };
/* End PBXFileReference section */

/* Begin PBXFrameworksBuildPhase section */
		653665BB2BAD27DE004706F9 /* Frameworks */ = {
			isa = PBXFrameworksBuildPhase;
			buildActionMask = 2147483647;
			files = (
			);
			runOnlyForDeploymentPostprocessing = 0;
		};
/* End PBXFrameworksBuildPhase section */

/* Begin PBXGroup section */
		653665B52BAD27DE004706F9 = {
			isa = PBXGroup;
			children = (
				653665C02BAD27DE004706F9 /* MAD-AFL2 */,
				653665BF2BAD27DE004706F9 /* Products */,
			);
			sourceTree = "<group>";
		};
		653665BF2BAD27DE004706F9 /* Products */ = {
			isa = PBXGroup;
			children = (
				653665BE2BAD27DE004706F9 /* MAD-AFL2 */,
			);
			name = Products;
			sourceTree = "<group>";
		};
		653665C02BAD27DE004706F9 /* MAD-AFL2 */ = {
			isa = PBXGroup;
			children = (
				653665C12BAD27DE004706F9 /* main.swift */,
				653665CE2BBBC6EF004706F9 /* enemy.swift */,
				653665D02BBBC701004706F9 /* player.swift */,
				653665D22BBBCA0B004706F9 /* skills.swift */,
				653665D62BBC4078004706F9 /* battle.swift */,
				653665DA2BBC43BC004706F9 /* backpack.swift */,
				65DF389F2BBE694D006448F9 /* shop.swift */,
			);
			path = "MAD-AFL2";
			sourceTree = "<group>";
		};
/* End PBXGroup section */

/* Begin PBXNativeTarget section */
		653665BD2BAD27DE004706F9 /* MAD-AFL2 */ = {
			isa = PBXNativeTarget;
			buildConfigurationList = 653665C52BAD27DE004706F9 /* Build configuration list for PBXNativeTarget "MAD-AFL2" */;
			buildPhases = (
				653665BA2BAD27DE004706F9 /* Sources */,
				653665BB2BAD27DE004706F9 /* Frameworks */,
				653665BC2BAD27DE004706F9 /* CopyFiles */,
			);
			buildRules = (
			);
			dependencies = (
			);
			name = "MAD-AFL2";
			productName = "MAD-AFL2";
			productReference = 653665BE2BAD27DE004706F9 /* MAD-AFL2 */;
			productType = "com.apple.product-type.tool";
		};
/* End PBXNativeTarget section */

/* Begin PBXProject section */
		653665B62BAD27DE004706F9 /* Project object */ = {
			isa = PBXProject;
			attributes = {
				BuildIndependentTargetsInParallel = 1;
				LastSwiftUpdateCheck = 1530;
				LastUpgradeCheck = 1530;
				TargetAttributes = {
					653665BD2BAD27DE004706F9 = {
						CreatedOnToolsVersion = 15.3;
					};
				};
			};
			buildConfigurationList = 653665B92BAD27DE004706F9 /* Build configuration list for PBXProject "MAD-AFL2" */;
			compatibilityVersion = "Xcode 14.0";
			developmentRegion = en;
			hasScannedForEncodings = 0;
			knownRegions = (
				en,
				Base,
			);
			mainGroup = 653665B52BAD27DE004706F9;
			productRefGroup = 653665BF2BAD27DE004706F9 /* Products */;
			projectDirPath = "";
			projectRoot = "";
			targets = (
				653665BD2BAD27DE004706F9 /* MAD-AFL2 */,
			);
		};
/* End PBXProject section */

/* Begin PBXSourcesBuildPhase section */
		653665BA2BAD27DE004706F9 /* Sources */ = {
			isa = PBXSourcesBuildPhase;
			buildActionMask = 2147483647;
			files = (
				653665D12BBBC701004706F9 /* player.swift in Sources */,
				653665C22BAD27DE004706F9 /* main.swift in Sources */,
				65DF38A02BBE694D006448F9 /* shop.swift in Sources */,
				653665CF2BBBC6EF004706F9 /* enemy.swift in Sources */,
				653665D72BBC4078004706F9 /* battle.swift in Sources */,
				653665D32BBBCA0B004706F9 /* skills.swift in Sources */,
				653665DB2BBC43BC004706F9 /* backpack.swift in Sources */,
			);
			runOnlyForDeploymentPostprocessing = 0;
		};
/* End PBXSourcesBuildPhase section */

/* Begin XCBuildConfiguration section */
		653665C32BAD27DE004706F9 /* Debug */ = {
			isa = XCBuildConfiguration;
			buildSettings = {
				ALWAYS_SEARCH_USER_PATHS = NO;
				ASSETCATALOG_COMPILER_GENERATE_SWIFT_ASSET_SYMBOL_EXTENSIONS = YES;
				CLANG_ANALYZER_NONNULL = YES;
				CLANG_ANALYZER_NUMBER_OBJECT_CONVERSION = YES_AGGRESSIVE;
				CLANG_CXX_LANGUAGE_STANDARD = "gnu++20";
				CLANG_ENABLE_MODULES = YES;
				CLANG_ENABLE_OBJC_ARC = YES;
				CLANG_ENABLE_OBJC_WEAK = YES;
				CLANG_WARN_BLOCK_CAPTURE_AUTORELEASING = YES;
				CLANG_WARN_BOOL_CONVERSION = YES;
				CLANG_WARN_COMMA = YES;
				CLANG_WARN_CONSTANT_CONVERSION = YES;
				CLANG_WARN_DEPRECATED_OBJC_IMPLEMENTATIONS = YES;
				CLANG_WARN_DIRECT_OBJC_ISA_USAGE = YES_ERROR;
				CLANG_WARN_DOCUMENTATION_COMMENTS = YES;
				CLANG_WARN_EMPTY_BODY = YES;
				CLANG_WARN_ENUM_CONVERSION = YES;
				CLANG_WARN_INFINITE_RECURSION = YES;
				CLANG_WARN_INT_CONVERSION = YES;
				CLANG_WARN_NON_LITERAL_NULL_CONVERSION = YES;
				CLANG_WARN_OBJC_IMPLICIT_RETAIN_SELF = YES;
				CLANG_WARN_OBJC_LITERAL_CONVERSION = YES;
				CLANG_WARN_OBJC_ROOT_CLASS = YES_ERROR;
				CLANG_WARN_QUOTED_INCLUDE_IN_FRAMEWORK_HEADER = YES;
				CLANG_WARN_RANGE_LOOP_ANALYSIS = YES;
				CLANG_WARN_STRICT_PROTOTYPES = YES;
				CLANG_WARN_SUSPICIOUS_MOVE = YES;
				CLANG_WARN_UNGUARDED_AVAILABILITY = YES_AGGRESSIVE;
				CLANG_WARN_UNREACHABLE_CODE = YES;
				CLANG_WARN__DUPLICATE_METHOD_MATCH = YES;
				COPY_PHASE_STRIP = NO;
				DEBUG_INFORMATION_FORMAT = dwarf;
				ENABLE_STRICT_OBJC_MSGSEND = YES;
				ENABLE_TESTABILITY = YES;
				ENABLE_USER_SCRIPT_SANDBOXING = YES;
				GCC_C_LANGUAGE_STANDARD = gnu17;
				GCC_DYNAMIC_NO_PIC = NO;
				GCC_NO_COMMON_BLOCKS = YES;
				GCC_OPTIMIZATION_LEVEL = 0;
				GCC_PREPROCESSOR_DEFINITIONS = (
					"DEBUG=1",
					"$(inherited)",
				);
				GCC_WARN_64_TO_32_BIT_CONVERSION = YES;
				GCC_WARN_ABOUT_RETURN_TYPE = YES_ERROR;
				GCC_WARN_UNDECLARED_SELECTOR = YES;
				GCC_WARN_UNINITIALIZED_AUTOS = YES_AGGRESSIVE;
				GCC_WARN_UNUSED_FUNCTION = YES;
				GCC_WARN_UNUSED_VARIABLE = YES;
				LOCALIZATION_PREFERS_STRING_CATALOGS = YES;
				MACOSX_DEPLOYMENT_TARGET = 14.1;
				MTL_ENABLE_DEBUG_INFO = INCLUDE_SOURCE;
				MTL_FAST_MATH = YES;
				ONLY_ACTIVE_ARCH = YES;
				SDKROOT = macosx;
				SWIFT_ACTIVE_COMPILATION_CONDITIONS = "DEBUG $(inherited)";
				SWIFT_OPTIMIZATION_LEVEL = "-Onone";
			};
			name = Debug;
		};
		653665C42BAD27DE004706F9 /* Release */ = {
			isa = XCBuildConfiguration;
			buildSettings = {
				ALWAYS_SEARCH_USER_PATHS = NO;
				ASSETCATALOG_COMPILER_GENERATE_SWIFT_ASSET_SYMBOL_EXTENSIONS = YES;
				CLANG_ANALYZER_NONNULL = YES;
				CLANG_ANALYZER_NUMBER_OBJECT_CONVERSION = YES_AGGRESSIVE;
				CLANG_CXX_LANGUAGE_STANDARD = "gnu++20";
				CLANG_ENABLE_MODULES = YES;
				CLANG_ENABLE_OBJC_ARC = YES;
				CLANG_ENABLE_OBJC_WEAK = YES;
				CLANG_WARN_BLOCK_CAPTURE_AUTORELEASING = YES;
				CLANG_WARN_BOOL_CONVERSION = YES;
				CLANG_WARN_COMMA = YES;
				CLANG_WARN_CONSTANT_CONVERSION = YES;
				CLANG_WARN_DEPRECATED_OBJC_IMPLEMENTATIONS = YES;
				CLANG_WARN_DIRECT_OBJC_ISA_USAGE = YES_ERROR;
				CLANG_WARN_DOCUMENTATION_COMMENTS = YES;
				CLANG_WARN_EMPTY_BODY = YES;
				CLANG_WARN_ENUM_CONVERSION = YES;
				CLANG_WARN_INFINITE_RECURSION = YES;
				CLANG_WARN_INT_CONVERSION = YES;
				CLANG_WARN_NON_LITERAL_NULL_CONVERSION = YES;
				CLANG_WARN_OBJC_IMPLICIT_RETAIN_SELF = YES;
				CLANG_WARN_OBJC_LITERAL_CONVERSION = YES;
				CLANG_WARN_OBJC_ROOT_CLASS = YES_ERROR;
				CLANG_WARN_QUOTED_INCLUDE_IN_FRAMEWORK_HEADER = YES;
				CLANG_WARN_RANGE_LOOP_ANALYSIS = YES;
				CLANG_WARN_STRICT_PROTOTYPES = YES;
				CLANG_WARN_SUSPICIOUS_MOVE = YES;
				CLANG_WARN_UNGUARDED_AVAILABILITY = YES_AGGRESSIVE;
				CLANG_WARN_UNREACHABLE_CODE = YES;
				CLANG_WARN__DUPLICATE_METHOD_MATCH = YES;
				COPY_PHASE_STRIP = NO;
				DEBUG_INFORMATION_FORMAT = "dwarf-with-dsym";
				ENABLE_NS_ASSERTIONS = NO;
				ENABLE_STRICT_OBJC_MSGSEND = YES;
				ENABLE_USER_SCRIPT_SANDBOXING = YES;
				GCC_C_LANGUAGE_STANDARD = gnu17;
				GCC_NO_COMMON_BLOCKS = YES;
				GCC_WARN_64_TO_32_BIT_CONVERSION = YES;
				GCC_WARN_ABOUT_RETURN_TYPE = YES_ERROR;
				GCC_WARN_UNDECLARED_SELECTOR = YES;
				GCC_WARN_UNINITIALIZED_AUTOS = YES_AGGRESSIVE;
				GCC_WARN_UNUSED_FUNCTION = YES;
				GCC_WARN_UNUSED_VARIABLE = YES;
				LOCALIZATION_PREFERS_STRING_CATALOGS = YES;
				MACOSX_DEPLOYMENT_TARGET = 14.1;
				MTL_ENABLE_DEBUG_INFO = NO;
				MTL_FAST_MATH = YES;
				SDKROOT = macosx;
				SWIFT_COMPILATION_MODE = wholemodule;
			};
			name = Release;
		};
		653665C62BAD27DE004706F9 /* Debug */ = {
			isa = XCBuildConfiguration;
			buildSettings = {
				CODE_SIGN_STYLE = Automatic;
				PRODUCT_NAME = "$(TARGET_NAME)";
				SWIFT_VERSION = 5.0;
			};
			name = Debug;
		};
		653665C72BAD27DE004706F9 /* Release */ = {
			isa = XCBuildConfiguration;
			buildSettings = {
				CODE_SIGN_STYLE = Automatic;
				PRODUCT_NAME = "$(TARGET_NAME)";
				SWIFT_VERSION = 5.0;
			};
			name = Release;
		};
/* End XCBuildConfiguration section */

/* Begin XCConfigurationList section */
		653665B92BAD27DE004706F9 /* Build configuration list for PBXProject "MAD-AFL2" */ = {
			isa = XCConfigurationList;
			buildConfigurations = (
				653665C32BAD27DE004706F9 /* Debug */,
				653665C42BAD27DE004706F9 /* Release */,
			);
			defaultConfigurationIsVisible = 0;
			defaultConfigurationName = Release;
		};
		653665C52BAD27DE004706F9 /* Build configuration list for PBXNativeTarget "MAD-AFL2" */ = {
			isa = XCConfigurationList;
			buildConfigurations = (
				653665C62BAD27DE004706F9 /* Debug */,
				653665C72BAD27DE004706F9 /* Release */,
			);
			defaultConfigurationIsVisible = 0;
			defaultConfigurationName = Release;
		};
/* End XCConfigurationList section */
	};
	rootObject = 653665B62BAD27DE004706F9 /* Project object */;
}
